{
  "version": 4,
  "terraform_version": "1.5.4",
  "serial": 31,
  "lineage": "c8c8ce7b-c2d9-8a36-18e4-844d1adfab0e",
  "outputs": {
    "kubernetes_cluster_host": {
      "value": "35.196.6.192",
      "type": "string"
    },
    "kubernetes_cluster_name": {
      "value": "fourth-archive-420007-gke",
      "type": "string"
    },
    "project_id": {
      "value": "fourth-archive-420007",
      "type": "string"
    },
    "region": {
      "value": "us-east1",
      "type": "string"
    }
  },
  "resources": [
    {
      "mode": "data",
      "type": "google_container_engine_versions",
      "name": "gke_version",
      "provider": "provider[\"registry.terraform.io/hashicorp/google\"]",
      "instances": [
        {
          "schema_version": 0,
          "attributes": {
            "default_cluster_version": "1.27.8-gke.1067004",
            "id": "2024-04-15 08:12:16.9000457 +0000 UTC",
            "latest_master_version": "1.27.12-gke.1115000",
            "latest_node_version": "1.27.12-gke.1115000",
            "location": "us-east1",
            "project": null,
            "release_channel_default_version": {
              "RAPID": "1.29.1-gke.1589017",
              "REGULAR": "1.27.8-gke.1067004",
              "STABLE": "1.27.8-gke.1067004"
            },
            "release_channel_latest_version": {
              "RAPID": "1.27.12-gke.1115000",
              "REGULAR": "1.27.11-gke.1062000",
              "STABLE": "1.27.8-gke.1067004"
            },
            "valid_master_versions": [
              "1.27.12-gke.1115000",
              "1.27.11-gke.1202000",
              "1.27.11-gke.1118000",
              "1.27.11-gke.1062000",
              "1.27.10-gke.1055000",
              "1.27.8-gke.1067004",
              "1.27.7-gke.1121002",
              "1.27.3-gke.100"
            ],
            "valid_node_versions": [
              "1.27.12-gke.1115000",
              "1.27.11-gke.1202000",
              "1.27.11-gke.1118000",
              "1.27.11-gke.1062000",
              "1.27.11-gke.1018000",
              "1.27.10-gke.1207000",
              "1.27.10-gke.1152000",
              "1.27.10-gke.1055000",
              "1.27.9-gke.1092000",
              "1.27.8-gke.1067004",
              "1.27.8-gke.1067000",
              "1.27.7-gke.1293000",
              "1.27.7-gke.1121002",
              "1.27.7-gke.1121000",
              "1.27.7-gke.1088000",
              "1.27.7-gke.1056000",
              "1.27.7-gke.1038000",
              "1.27.6-gke.1506000",
              "1.27.6-gke.1445000",
              "1.27.6-gke.1248000",
              "1.27.5-gke.200",
              "1.27.4-gke.900",
              "1.27.3-gke.1700",
              "1.27.3-gke.100",
              "1.27.2-gke.2100",
              "1.27.2-gke.1200"
            ],
            "version_prefix": "1.27."
          },
          "sensitive_attributes": []
        }
      ]
    },
    {
      "mode": "managed",
      "type": "google_compute_network",
      "name": "vpc",
      "provider": "provider[\"registry.terraform.io/hashicorp/google\"]",
      "instances": [
        {
          "schema_version": 0,
          "attributes": {
            "auto_create_subnetworks": false,
            "delete_default_routes_on_create": false,
            "description": "",
            "enable_ula_internal_ipv6": false,
            "gateway_ipv4": "",
            "id": "projects/fourth-archive-420007/global/networks/fourth-archive-420007-vpc",
            "internal_ipv6_range": "",
            "mtu": 0,
            "name": "fourth-archive-420007-vpc",
            "network_firewall_policy_enforcement_order": "AFTER_CLASSIC_FIREWALL",
            "project": "fourth-archive-420007",
            "routing_mode": "REGIONAL",
            "self_link": "https://www.googleapis.com/compute/v1/projects/fourth-archive-420007/global/networks/fourth-archive-420007-vpc",
            "timeouts": null
          },
          "sensitive_attributes": [],
          "private": "eyJlMmJmYjczMC1lY2FhLTExZTYtOGY4OC0zNDM2M2JjN2M0YzAiOnsiY3JlYXRlIjoxMjAwMDAwMDAwMDAwLCJkZWxldGUiOjEyMDAwMDAwMDAwMDAsInVwZGF0ZSI6MTIwMDAwMDAwMDAwMH19"
        }
      ]
    },
    {
      "mode": "managed",
      "type": "google_compute_subnetwork",
      "name": "subnet",
      "provider": "provider[\"registry.terraform.io/hashicorp/google\"]",
      "instances": [
        {
          "schema_version": 0,
          "attributes": {
            "creation_timestamp": "2024-04-15T01:12:42.927-07:00",
            "description": "",
            "external_ipv6_prefix": "",
            "fingerprint": null,
            "gateway_address": "10.10.0.1",
            "id": "projects/fourth-archive-420007/regions/us-east1/subnetworks/fourth-archive-420007-subnet",
            "ip_cidr_range": "10.10.0.0/24",
            "ipv6_access_type": "",
            "ipv6_cidr_range": "",
            "log_config": [],
            "name": "fourth-archive-420007-subnet",
            "network": "https://www.googleapis.com/compute/v1/projects/fourth-archive-420007/global/networks/fourth-archive-420007-vpc",
            "private_ip_google_access": false,
            "private_ipv6_google_access": "DISABLE_GOOGLE_ACCESS",
            "project": "fourth-archive-420007",
            "purpose": "PRIVATE",
            "region": "us-east1",
            "role": "",
            "secondary_ip_range": [],
            "self_link": "https://www.googleapis.com/compute/v1/projects/fourth-archive-420007/regions/us-east1/subnetworks/fourth-archive-420007-subnet",
            "stack_type": "IPV4_ONLY",
            "timeouts": null
          },
          "sensitive_attributes": [],
          "private": "eyJlMmJmYjczMC1lY2FhLTExZTYtOGY4OC0zNDM2M2JjN2M0YzAiOnsiY3JlYXRlIjoxMjAwMDAwMDAwMDAwLCJkZWxldGUiOjEyMDAwMDAwMDAwMDAsInVwZGF0ZSI6MTIwMDAwMDAwMDAwMH19",
          "dependencies": [
            "google_compute_network.vpc"
          ]
        }
      ]
    },
    {
      "mode": "managed",
      "type": "google_container_cluster",
      "name": "primary",
      "provider": "provider[\"registry.terraform.io/hashicorp/google\"]",
      "instances": [
        {
          "schema_version": 1,
          "attributes": {
            "addons_config": [
              {
                "cloudrun_config": [],
                "config_connector_config": [],
                "dns_cache_config": [],
                "gce_persistent_disk_csi_driver_config": [
                  {
                    "enabled": true
                  }
                ],
                "gcp_filestore_csi_driver_config": [],
                "gke_backup_agent_config": [],
                "horizontal_pod_autoscaling": [],
                "http_load_balancing": [],
                "network_policy_config": [
                  {
                    "disabled": true
                  }
                ]
              }
            ],
            "authenticator_groups_config": [],
            "binary_authorization": [
              {
                "enabled": false,
                "evaluation_mode": ""
              }
            ],
            "cluster_autoscaling": [
              {
                "auto_provisioning_defaults": [],
                "enabled": false,
                "resource_limits": []
              }
            ],
            "cluster_ipv4_cidr": "10.96.0.0/14",
            "confidential_nodes": [],
            "cost_management_config": [],
            "database_encryption": [
              {
                "key_name": "",
                "state": "DECRYPTED"
              }
            ],
            "datapath_provider": "",
            "default_max_pods_per_node": null,
            "default_snat_status": [
              {
                "disabled": false
              }
            ],
            "description": "",
            "dns_config": [],
            "enable_autopilot": false,
            "enable_binary_authorization": false,
            "enable_intranode_visibility": false,
            "enable_kubernetes_alpha": false,
            "enable_l4_ilb_subsetting": false,
            "enable_legacy_abac": false,
            "enable_shielded_nodes": true,
            "enable_tpu": false,
            "endpoint": "35.196.6.192",
            "gateway_api_config": [],
            "id": "projects/fourth-archive-420007/locations/us-east1/clusters/fourth-archive-420007-gke",
            "initial_node_count": 1,
            "ip_allocation_policy": [],
            "label_fingerprint": "a9dc16a7",
            "location": "us-east1",
            "logging_config": [
              {
                "enable_components": [
                  "SYSTEM_COMPONENTS",
                  "WORKLOADS"
                ]
              }
            ],
            "logging_service": "logging.googleapis.com/kubernetes",
            "maintenance_policy": [],
            "master_auth": [
              {
                "client_certificate": "",
                "client_certificate_config": [
                  {
                    "issue_client_certificate": false
                  }
                ],
                "client_key": "",
                "cluster_ca_certificate": "LS0tLS1CRUdJTiBDRVJUSUZJQ0FURS0tLS0tCk1JSUVMRENDQXBTZ0F3SUJBZ0lRRUczKzNrZXVaVHFYN0p2bUhZdjBpVEFOQmdrcWhraUc5dzBCQVFzRkFEQXYKTVMwd0t3WURWUVFERXlRMll6Z3hZVFE1TnkxbVkyVTVMVFJtTkdNdFlqY3lOaTB4WVRZM01HUXlZemMwTlRrdwpJQmNOTWpRd05ERTFNRGN4TWpVMVdoZ1BNakExTkRBME1EZ3dPREV5TlRWYU1DOHhMVEFyQmdOVkJBTVRKRFpqCk9ERmhORGszTFdaalpUa3ROR1kwWXkxaU56STJMVEZoTmpjd1pESmpOelExT1RDQ0FhSXdEUVlKS29aSWh2Y04KQVFFQkJRQURnZ0dQQURDQ0FZb0NnZ0dCQU9sWHR1SXJHUEpFc3VjYXdaSGIvQUx0U2twVXp4dUlQYkk5Tk1EbApWRDVTMFRWQ2pxYWU3SlBNUWd5RVVqOTBEY0tSRlZVZkdZdTRjOEVHZkVETjBKbktoQ09rUytuNmk2NHh1bEhaCjVteGs4UDkxVTBZTVV5UjBPWFVnMGJNSnJIWWJ0OTU1ZktZblhJRndDcGc4SlgyQ3hHUkZjWnBpeW5LNldJNDYKNEFPVFBXMDl4Wk9QbG9pdWhFQ2Fibk1xd0lWRGVDSkJRZU9kL1NaeGw0emxyc1hPclczNTJKVVpFNlEzVUFHYwpRNlFhMEVzWHRSMCtIK1FRMDFSRTNYZVNvT01INk1GUTJGRCs4ZVpDaHI1YXpEU0tEUGkydVhGMTRCY2E3eVdwCjA1NnZXRGlmNDEvM0FyWXdiSFdFWk1kbkVHTmsrSkx4QmlqdzVPTkQwNlZwUUhMNXlDeTVVS3hDOVJaTHhSUTYKRFlDdzI0cUdHRlpoajhlNm5lQytCY2RQbXZncU1seWQ0czl2N3gwMWEzRWhUOW56VzArQ0M3SmFudVJqNUZWaApXMkVyc3JIejdVUThGd2RER3B3ZHRqQ0svbk1LclRpTEduNzdsWUFLRWpBd2hpbkZqWWxJbEtzc0U3K2xlOTdQCk5tcmUwUGJkOERIa01XMUNYbzlYRVphSFV3SURBUUFCbzBJd1FEQU9CZ05WSFE4QkFmOEVCQU1DQWdRd0R3WUQKVlIwVEFRSC9CQVV3QXdFQi96QWRCZ05WSFE0RUZnUVV1cW1uSi9icWpSZzVrMGNxZFA2VXBjQzV6djR3RFFZSgpLb1pJaHZjTkFRRUxCUUFEZ2dHQkFKWE1HTGdMdnE1SjdyOGgyNE5oZ3RGRGZrNnJ0alNjMS8yemJveWwveXpCCnRSUUt6SkRvbXExYXQ0L0creGR2NjFwRmRld1lQZmhnTGF6dWkxZUx3SitKWnQzL3kzR0dzSXdHQTRLSHZtMUEKRXVWRFYwK3E2cGdFdEI0WlBmbFl4aGdIczFMRmRJQjlaZEFOdm81VU9zcjlNWnJ6NG5ta3JOamZtRVc3dEl0cQp6UmhlY1hURW82MFRzUllnZ1RKTkROejkvOEhOVWQybGFRQU9EL0RiTUV0MVVCWEN6YytZR2VBNVJma0lVTVdKCm1YdEtOMmo4bXRZSGpDaDZ4SVVkUXU5U1k0c2JFaXlRQUdjUzFkaE1vOW5ZTnl0QkVjZ0huelg5UmluQzJaaHIKRUFXcEtGZ1JodHRlNk9Nc3lZYU9DaGhDb3RpV29uUU1nbExGS0MyMFBUbjZ0MmpLek8zQzJZNm9FVmVwcVhEUQp0V0wybkFKTllKdlQ3SDBNWXdhR0tFT2gvZ0tCcEVZeXpYYzJ2THMvRkM5eml3V3Y0dFp3aFpUNFNxcUtSYjVmCnlWRG01cEM5KzFTTHBlZitCcUFXTXJHZ1lLL25vK3VSWjh5cHZzcFhtUlVNaGxDTjZ4blJHRDk5YXdTT0E4R1cKakdXNU44TzNlRGJWSWtubkFTdzQ3QT09Ci0tLS0tRU5EIENFUlRJRklDQVRFLS0tLS0K"
              }
            ],
            "master_authorized_networks_config": [],
            "master_version": "1.27.8-gke.1067004",
            "mesh_certificates": [],
            "min_master_version": null,
            "monitoring_config": [
              {
                "enable_components": [
                  "SYSTEM_COMPONENTS"
                ],
                "managed_prometheus": [
                  {
                    "enabled": true
                  }
                ]
              }
            ],
            "monitoring_service": "monitoring.googleapis.com/kubernetes",
            "name": "fourth-archive-420007-gke",
            "network": "projects/fourth-archive-420007/global/networks/fourth-archive-420007-vpc",
            "network_policy": [
              {
                "enabled": false,
                "provider": "PROVIDER_UNSPECIFIED"
              }
            ],
            "networking_mode": "ROUTES",
            "node_config": [],
            "node_locations": [
              "us-east1-b",
              "us-east1-c",
              "us-east1-d"
            ],
            "node_pool": [],
            "node_pool_defaults": [
              {
                "node_config_defaults": [
                  {
                    "logging_variant": "DEFAULT"
                  }
                ]
              }
            ],
            "node_version": "1.27.8-gke.1067004",
            "notification_config": [
              {
                "pubsub": [
                  {
                    "enabled": false,
                    "filter": [],
                    "topic": ""
                  }
                ]
              }
            ],
            "operation": null,
            "private_cluster_config": [
              {
                "enable_private_endpoint": false,
                "enable_private_nodes": false,
                "master_global_access_config": [
                  {
                    "enabled": false
                  }
                ],
                "master_ipv4_cidr_block": "",
                "peering_name": "",
                "private_endpoint": "10.10.0.2",
                "private_endpoint_subnetwork": "",
                "public_endpoint": "35.196.6.192"
              }
            ],
            "private_ipv6_google_access": "",
            "project": "fourth-archive-420007",
            "release_channel": [
              {
                "channel": "REGULAR"
              }
            ],
            "remove_default_node_pool": true,
            "resource_labels": null,
            "resource_usage_export_config": [],
            "security_posture_config": [
              {
                "mode": "BASIC",
                "vulnerability_mode": "VULNERABILITY_MODE_UNSPECIFIED"
              }
            ],
            "self_link": "https://container.googleapis.com/v1/projects/fourth-archive-420007/locations/us-east1/clusters/fourth-archive-420007-gke",
            "service_external_ips_config": [
              {
                "enabled": false
              }
            ],
            "services_ipv4_cidr": "10.99.240.0/20",
            "subnetwork": "projects/fourth-archive-420007/regions/us-east1/subnetworks/fourth-archive-420007-subnet",
            "timeouts": null,
            "tpu_ipv4_cidr_block": "",
            "vertical_pod_autoscaling": [],
            "workload_identity_config": []
          },
          "sensitive_attributes": [],
          "private": "eyJlMmJmYjczMC1lY2FhLTExZTYtOGY4OC0zNDM2M2JjN2M0YzAiOnsiY3JlYXRlIjoyNDAwMDAwMDAwMDAwLCJkZWxldGUiOjI0MDAwMDAwMDAwMDAsInJlYWQiOjI0MDAwMDAwMDAwMDAsInVwZGF0ZSI6MzYwMDAwMDAwMDAwMH0sInNjaGVtYV92ZXJzaW9uIjoiMSJ9",
          "dependencies": [
            "google_compute_network.vpc",
            "google_compute_subnetwork.subnet"
          ]
        }
      ]
    },
    {
      "mode": "managed",
      "type": "google_container_node_pool",
      "name": "primary_nodes",
      "provider": "provider[\"registry.terraform.io/hashicorp/google\"]",
      "instances": [
        {
          "status": "tainted",
          "schema_version": 1,
          "attributes": {
            "autoscaling": [],
            "cluster": "fourth-archive-420007-gke",
            "id": "projects/fourth-archive-420007/locations/us-east1/clusters/fourth-archive-420007-gke/nodePools/fourth-archive-420007-gke",
            "initial_node_count": null,
            "instance_group_urls": null,
            "location": "us-east1",
            "managed_instance_group_urls": null,
            "management": null,
            "max_pods_per_node": null,
            "name": "fourth-archive-420007-gke",
            "name_prefix": null,
            "network_config": null,
            "node_config": [
              {
                "advanced_machine_features": [],
                "boot_disk_kms_key": "",
                "disk_size_gb": 0,
                "disk_type": "",
                "ephemeral_storage_local_ssd_config": [],
                "gcfs_config": [],
                "guest_accelerator": [],
                "gvnic": [],
                "image_type": "",
                "kubelet_config": [],
                "labels": {
                  "env": "fourth-archive-420007"
                },
                "linux_node_config": [],
                "local_nvme_ssd_block_config": [],
                "local_ssd_count": 0,
                "logging_variant": "DEFAULT",
                "machine_type": "n1-standard-1",
                "metadata": {
                  "disable-legacy-endpoints": "true"
                },
                "min_cpu_platform": "",
                "node_group": "",
                "oauth_scopes": [
                  "https://www.googleapis.com/auth/logging.write",
                  "https://www.googleapis.com/auth/monitoring"
                ],
                "preemptible": false,
                "reservation_affinity": [],
                "resource_labels": null,
                "service_account": "",
                "shielded_instance_config": [],
                "sole_tenant_config": [],
                "spot": false,
                "tags": [
                  "gke-node",
                  "fourth-archive-420007-gke"
                ],
                "taint": [],
                "workload_metadata_config": []
              }
            ],
            "node_count": 2,
            "node_locations": [],
            "operation": null,
            "placement_policy": [],
            "project": null,
            "timeouts": null,
            "upgrade_settings": null,
            "version": "1.27.8-gke.1067004"
          },
          "sensitive_attributes": [],
          "private": "eyJlMmJmYjczMC1lY2FhLTExZTYtOGY4OC0zNDM2M2JjN2M0YzAiOnsiY3JlYXRlIjoxODAwMDAwMDAwMDAwLCJkZWxldGUiOjE4MDAwMDAwMDAwMDAsInVwZGF0ZSI6MTgwMDAwMDAwMDAwMH0sInNjaGVtYV92ZXJzaW9uIjoiMSJ9",
          "dependencies": [
            "data.google_container_engine_versions.gke_version",
            "google_compute_network.vpc",
            "google_compute_subnetwork.subnet",
            "google_container_cluster.primary"
          ]
        }
      ]
    }
  ],
  "check_results": null
}
